
Microsoft Visual Studio Solution File, Format Version 12.00
# Visual Studio Version 16
VisualStudioVersion = 16.0.30611.23
MinimumVisualStudioVersion = 10.0.40219.1
Project("{FAE04EC0-301F-11D3-BF4B-00C04F79EFBC}") = "ProductReviewManagementLINQ", "ProductReviewManagementLINQ.csproj", "{670A1754-D521-48CA-B4B9-F640D2049FE8}"
EndProject
Global
	GlobalSection(SolutionConfigurationPlatforms) = preSolution
		Debug|Any CPU = Debug|Any CPU
		Release|Any CPU = Release|Any CPU
	EndGlobalSection
	GlobalSection(ProjectConfigurationPlatforms) = postSolution
		{670A1754-D521-48CA-B4B9-F640D2049FE8}.Debug|Any CPU.ActiveCfg = Debug|Any CPU
		{670A1754-D521-48CA-B4B9-F640D2049FE8}.Debug|Any CPU.Build.0 = Debug|Any CPU
		{670A1754-D521-48CA-B4B9-F640D2049FE8}.Release|Any CPU.ActiveCfg = Release|Any CPU
		{670A1754-D521-48CA-B4B9-F640D2049FE8}.Release|Any CPU.Build.0 = Release|Any CPU
	EndGlobalSection
	GlobalSection(SolutionProperties) = preSolution
		HideSolutionNode = FALSE
	EndGlobalSection
	GlobalSection(ExtensibilityGlobals) = postSolution
		SolutionGuid = {AFD2329C-AE2F-4091-9F86-AB20D204271D}
	EndGlobalSection
EndGlobal
